// !$*UTF8*$!
{
	archiveVersion = 1;
	classes = {
	};
	objectVersion = 56;
	objects = {

/* Begin PBXBuildFile section */
		540E0F9A2C901EDC00A4530A /* AppDelegate.swift in Sources */ = {isa = PBXBuildFile; fileRef = 540E0F992C901EDC00A4530A /* AppDelegate.swift */; };
		540E0F9C2C901EDC00A4530A /* SceneDelegate.swift in Sources */ = {isa = PBXBuildFile; fileRef = 540E0F9B2C901EDC00A4530A /* SceneDelegate.swift */; };
		540E0F9E2C901EDC00A4530A /* GFSearchUserVC.swift in Sources */ = {isa = PBXBuildFile; fileRef = 540E0F9D2C901EDC00A4530A /* GFSearchUserVC.swift */; };
		540E0FA32C901EE000A4530A /* Assets.xcassets in Resources */ = {isa = PBXBuildFile; fileRef = 540E0FA22C901EE000A4530A /* Assets.xcassets */; };
		540E0FA62C901EE000A4530A /* LaunchScreen.storyboard in Resources */ = {isa = PBXBuildFile; fileRef = 540E0FA42C901EE000A4530A /* LaunchScreen.storyboard */; };
		540E0FB12C901EE100A4530A /* Github_FollowersTests.swift in Sources */ = {isa = PBXBuildFile; fileRef = 540E0FB02C901EE100A4530A /* Github_FollowersTests.swift */; };
		540E0FBB2C901EE100A4530A /* Github_FollowersUITests.swift in Sources */ = {isa = PBXBuildFile; fileRef = 540E0FBA2C901EE100A4530A /* Github_FollowersUITests.swift */; };
		540E0FBD2C901EE100A4530A /* Github_FollowersUITestsLaunchTests.swift in Sources */ = {isa = PBXBuildFile; fileRef = 540E0FBC2C901EE100A4530A /* Github_FollowersUITestsLaunchTests.swift */; };
		548A34782C9950AB00C328C2 /* GFItemInfoView.swift in Sources */ = {isa = PBXBuildFile; fileRef = 548A34772C9950AB00C328C2 /* GFItemInfoView.swift */; };
		548A347A2C9954BF00C328C2 /* GFItemInfoVC.swift in Sources */ = {isa = PBXBuildFile; fileRef = 548A34792C9954BF00C328C2 /* GFItemInfoVC.swift */; };
		548A347C2C99637700C328C2 /* GFRepoItemVC.swift in Sources */ = {isa = PBXBuildFile; fileRef = 548A347B2C99637700C328C2 /* GFRepoItemVC.swift */; };
		548A347E2C99656C00C328C2 /* GFFollowerItemVC.swift in Sources */ = {isa = PBXBuildFile; fileRef = 548A347D2C99656C00C328C2 /* GFFollowerItemVC.swift */; };
		548A34812C99691200C328C2 /* Date+Extension.swift in Sources */ = {isa = PBXBuildFile; fileRef = 548A34802C99691200C328C2 /* Date+Extension.swift */; };
		548A34832C99692200C328C2 /* String+Extension.swift in Sources */ = {isa = PBXBuildFile; fileRef = 548A34822C99692200C328C2 /* String+Extension.swift */; };
		548A34852C997E4E00C328C2 /* PersistenceManager.swift in Sources */ = {isa = PBXBuildFile; fileRef = 548A34842C997E4E00C328C2 /* PersistenceManager.swift */; };
		548A34872C99EA5000C328C2 /* GFFavoritesCell.swift in Sources */ = {isa = PBXBuildFile; fileRef = 548A34862C99EA4F00C328C2 /* GFFavoritesCell.swift */; };
		548A34892C99FEA800C328C2 /* GFTabBarController.swift in Sources */ = {isa = PBXBuildFile; fileRef = 548A34882C99FEA700C328C2 /* GFTabBarController.swift */; };
		54A8AC1A2C92ACCE009089D7 /* GFFavoritesVC.swift in Sources */ = {isa = PBXBuildFile; fileRef = 54A8AC192C92ACCD009089D7 /* GFFavoritesVC.swift */; };
		54A8AC1C2C92AE22009089D7 /* UITabBarController+Appearance.swift in Sources */ = {isa = PBXBuildFile; fileRef = 54A8AC1B2C92AE22009089D7 /* UITabBarController+Appearance.swift */; };
		54A8AC1E2C92B1F9009089D7 /* DummyGridView.swift in Sources */ = {isa = PBXBuildFile; fileRef = 54A8AC1D2C92B1F9009089D7 /* DummyGridView.swift */; };
		54A8AC202C936E15009089D7 /* UIColor Extension.swift in Sources */ = {isa = PBXBuildFile; fileRef = 54A8AC1F2C936E14009089D7 /* UIColor Extension.swift */; };
		54A8AC222C937280009089D7 /* GFButton.swift in Sources */ = {isa = PBXBuildFile; fileRef = 54A8AC212C93727F009089D7 /* GFButton.swift */; };
		54F34DB72C9375FA0017905A /* GFSearchTextField.swift in Sources */ = {isa = PBXBuildFile; fileRef = 54F34DB62C9375FA0017905A /* GFSearchTextField.swift */; };
		54F34DB92C937B010017905A /* GFImageView.swift in Sources */ = {isa = PBXBuildFile; fileRef = 54F34DB82C937B010017905A /* GFImageView.swift */; };
		54F34DBD2C9564650017905A /* GFFollowerListVC.swift in Sources */ = {isa = PBXBuildFile; fileRef = 54F34DBC2C9564650017905A /* GFFollowerListVC.swift */; };
		54F34DBF2C95755B0017905A /* GFKeyboardDoneToolbar.swift in Sources */ = {isa = PBXBuildFile; fileRef = 54F34DBE2C95755A0017905A /* GFKeyboardDoneToolbar.swift */; };
		54F34DC12C957B500017905A /* GFAlertController.swift in Sources */ = {isa = PBXBuildFile; fileRef = 54F34DC02C957B500017905A /* GFAlertController.swift */; };
		54F34DC32C95807A0017905A /* String+Validation.swift in Sources */ = {isa = PBXBuildFile; fileRef = 54F34DC22C95807A0017905A /* String+Validation.swift */; };
		54F34DC52C9582350017905A /* GFTitleLabel.swift in Sources */ = {isa = PBXBuildFile; fileRef = 54F34DC42C9582350017905A /* GFTitleLabel.swift */; };
		54F34DC72C9583720017905A /* GFBodyLabel.swift in Sources */ = {isa = PBXBuildFile; fileRef = 54F34DC62C9583720017905A /* GFBodyLabel.swift */; };
		54F34DC92C9585AD0017905A /* GFAlertContainerView.swift in Sources */ = {isa = PBXBuildFile; fileRef = 54F34DC82C9585AD0017905A /* GFAlertContainerView.swift */; };
		54F34DCB2C9589930017905A /* UIViewController+Presentation.swift in Sources */ = {isa = PBXBuildFile; fileRef = 54F34DCA2C9589930017905A /* UIViewController+Presentation.swift */; };
		54F34DD02C95FD340017905A /* Follower.swift in Sources */ = {isa = PBXBuildFile; fileRef = 54F34DCF2C95FD330017905A /* Follower.swift */; };
		54F34DD22C95FF460017905A /* User.swift in Sources */ = {isa = PBXBuildFile; fileRef = 54F34DD12C95FF460017905A /* User.swift */; };
		54F34DD52C9602810017905A /* NetworkManager.swift in Sources */ = {isa = PBXBuildFile; fileRef = 54F34DD42C9602810017905A /* NetworkManager.swift */; };
		54F34DD72C96437A0017905A /* GFLoadingView.swift in Sources */ = {isa = PBXBuildFile; fileRef = 54F34DD62C96437A0017905A /* GFLoadingView.swift */; };
		54F34DDA2C9647B70017905A /* GFError.swift in Sources */ = {isa = PBXBuildFile; fileRef = 54F34DD92C9647B70017905A /* GFError.swift */; };
		54F34DDE2C964D1A0017905A /* GFFollowerCell.swift in Sources */ = {isa = PBXBuildFile; fileRef = 54F34DDD2C964D190017905A /* GFFollowerCell.swift */; };
		54F34DE22C964DE00017905A /* GFAvatarImageView.swift in Sources */ = {isa = PBXBuildFile; fileRef = 54F34DE12C964DE00017905A /* GFAvatarImageView.swift */; };
		54F34DE52C9662F40017905A /* UINavigationBar+Appearance.swift in Sources */ = {isa = PBXBuildFile; fileRef = 54F34DE42C9662F40017905A /* UINavigationBar+Appearance.swift */; };
		54F34DE72C96693A0017905A /* UI Helper.swift in Sources */ = {isa = PBXBuildFile; fileRef = 54F34DE62C9669390017905A /* UI Helper.swift */; };
		54F34DE92C96822D0017905A /* GFEmptyStateView.swift in Sources */ = {isa = PBXBuildFile; fileRef = 54F34DE82C96822C0017905A /* GFEmptyStateView.swift */; };
		54F34DEB2C9774DD0017905A /* GFUserInfoVC.swift in Sources */ = {isa = PBXBuildFile; fileRef = 54F34DEA2C9774DD0017905A /* GFUserInfoVC.swift */; };
		54F34DED2C978CA30017905A /* GFUserInfoHeaderVC.swift in Sources */ = {isa = PBXBuildFile; fileRef = 54F34DEC2C978CA20017905A /* GFUserInfoHeaderVC.swift */; };
		54F34DEF2C978D250017905A /* GFSecondaryTitleLabel.swift in Sources */ = {isa = PBXBuildFile; fileRef = 54F34DEE2C978D250017905A /* GFSecondaryTitleLabel.swift */; };
		54F34DF12C9793260017905A /* Constants.swift in Sources */ = {isa = PBXBuildFile; fileRef = 54F34DF02C9793260017905A /* Constants.swift */; };
/* End PBXBuildFile section */

/* Begin PBXContainerItemProxy section */
		540E0FAD2C901EE100A4530A /* PBXContainerItemProxy */ = {
			isa = PBXContainerItemProxy;
			containerPortal = 540E0F8E2C901EDC00A4530A /* Project object */;
			proxyType = 1;
			remoteGlobalIDString = 540E0F952C901EDC00A4530A;
			remoteInfo = "Github Followers";
		};
		540E0FB72C901EE100A4530A /* PBXContainerItemProxy */ = {
			isa = PBXContainerItemProxy;
			containerPortal = 540E0F8E2C901EDC00A4530A /* Project object */;
			proxyType = 1;
			remoteGlobalIDString = 540E0F952C901EDC00A4530A;
			remoteInfo = "Github Followers";
		};
/* End PBXContainerItemProxy section */

/* Begin PBXFileReference section */
		540E0F962C901EDC00A4530A /* Github Followers.app */ = {isa = PBXFileReference; explicitFileType = wrapper.application; includeInIndex = 0; path = "Github Followers.app"; sourceTree = BUILT_PRODUCTS_DIR; };
		540E0F992C901EDC00A4530A /* AppDelegate.swift */ = {isa = PBXFileReference; lastKnownFileType = sourcecode.swift; path = AppDelegate.swift; sourceTree = "<group>"; };
		540E0F9B2C901EDC00A4530A /* SceneDelegate.swift */ = {isa = PBXFileReference; lastKnownFileType = sourcecode.swift; path = SceneDelegate.swift; sourceTree = "<group>"; };
		540E0F9D2C901EDC00A4530A /* GFSearchUserVC.swift */ = {isa = PBXFileReference; lastKnownFileType = sourcecode.swift; path = GFSearchUserVC.swift; sourceTree = "<group>"; };
		540E0FA22C901EE000A4530A /* Assets.xcassets */ = {isa = PBXFileReference; lastKnownFileType = folder.assetcatalog; path = Assets.xcassets; sourceTree = "<group>"; };
		540E0FA52C901EE000A4530A /* Base */ = {isa = PBXFileReference; lastKnownFileType = file.storyboard; name = Base; path = Base.lproj/LaunchScreen.storyboard; sourceTree = "<group>"; };
		540E0FA72C901EE000A4530A /* Info.plist */ = {isa = PBXFileReference; lastKnownFileType = text.plist.xml; path = Info.plist; sourceTree = "<group>"; };
		540E0FAC2C901EE100A4530A /* Github FollowersTests.xctest */ = {isa = PBXFileReference; explicitFileType = wrapper.cfbundle; includeInIndex = 0; path = "Github FollowersTests.xctest"; sourceTree = BUILT_PRODUCTS_DIR; };
		540E0FB02C901EE100A4530A /* Github_FollowersTests.swift */ = {isa = PBXFileReference; lastKnownFileType = sourcecode.swift; path = Github_FollowersTests.swift; sourceTree = "<group>"; };
		540E0FB62C901EE100A4530A /* Github FollowersUITests.xctest */ = {isa = PBXFileReference; explicitFileType = wrapper.cfbundle; includeInIndex = 0; path = "Github FollowersUITests.xctest"; sourceTree = BUILT_PRODUCTS_DIR; };
		540E0FBA2C901EE100A4530A /* Github_FollowersUITests.swift */ = {isa = PBXFileReference; lastKnownFileType = sourcecode.swift; path = Github_FollowersUITests.swift; sourceTree = "<group>"; };
		540E0FBC2C901EE100A4530A /* Github_FollowersUITestsLaunchTests.swift */ = {isa = PBXFileReference; lastKnownFileType = sourcecode.swift; path = Github_FollowersUITestsLaunchTests.swift; sourceTree = "<group>"; };
		548A34772C9950AB00C328C2 /* GFItemInfoView.swift */ = {isa = PBXFileReference; lastKnownFileType = sourcecode.swift; path = GFItemInfoView.swift; sourceTree = "<group>"; };
		548A34792C9954BF00C328C2 /* GFItemInfoVC.swift */ = {isa = PBXFileReference; lastKnownFileType = sourcecode.swift; path = GFItemInfoVC.swift; sourceTree = "<group>"; };
		548A347B2C99637700C328C2 /* GFRepoItemVC.swift */ = {isa = PBXFileReference; lastKnownFileType = sourcecode.swift; path = GFRepoItemVC.swift; sourceTree = "<group>"; };
		548A347D2C99656C00C328C2 /* GFFollowerItemVC.swift */ = {isa = PBXFileReference; lastKnownFileType = sourcecode.swift; path = GFFollowerItemVC.swift; sourceTree = "<group>"; };
		548A34802C99691200C328C2 /* Date+Extension.swift */ = {isa = PBXFileReference; lastKnownFileType = sourcecode.swift; path = "Date+Extension.swift"; sourceTree = "<group>"; };
		548A34822C99692200C328C2 /* String+Extension.swift */ = {isa = PBXFileReference; lastKnownFileType = sourcecode.swift; path = "String+Extension.swift"; sourceTree = "<group>"; };
		548A34842C997E4E00C328C2 /* PersistenceManager.swift */ = {isa = PBXFileReference; lastKnownFileType = sourcecode.swift; path = PersistenceManager.swift; sourceTree = "<group>"; };
		548A34862C99EA4F00C328C2 /* GFFavoritesCell.swift */ = {isa = PBXFileReference; lastKnownFileType = sourcecode.swift; path = GFFavoritesCell.swift; sourceTree = "<group>"; };
		548A34882C99FEA700C328C2 /* GFTabBarController.swift */ = {isa = PBXFileReference; lastKnownFileType = sourcecode.swift; path = GFTabBarController.swift; sourceTree = "<group>"; };
		54A8AC192C92ACCD009089D7 /* GFFavoritesVC.swift */ = {isa = PBXFileReference; lastKnownFileType = sourcecode.swift; path = GFFavoritesVC.swift; sourceTree = "<group>"; };
		54A8AC1B2C92AE22009089D7 /* UITabBarController+Appearance.swift */ = {isa = PBXFileReference; lastKnownFileType = sourcecode.swift; path = "UITabBarController+Appearance.swift"; sourceTree = "<group>"; };
		54A8AC1D2C92B1F9009089D7 /* DummyGridView.swift */ = {isa = PBXFileReference; lastKnownFileType = sourcecode.swift; path = DummyGridView.swift; sourceTree = "<group>"; };
		54A8AC1F2C936E14009089D7 /* UIColor Extension.swift */ = {isa = PBXFileReference; lastKnownFileType = sourcecode.swift; path = "UIColor Extension.swift"; sourceTree = "<group>"; };
		54A8AC212C93727F009089D7 /* GFButton.swift */ = {isa = PBXFileReference; lastKnownFileType = sourcecode.swift; path = GFButton.swift; sourceTree = "<group>"; };
		54F34DB62C9375FA0017905A /* GFSearchTextField.swift */ = {isa = PBXFileReference; lastKnownFileType = sourcecode.swift; path = GFSearchTextField.swift; sourceTree = "<group>"; };
		54F34DB82C937B010017905A /* GFImageView.swift */ = {isa = PBXFileReference; lastKnownFileType = sourcecode.swift; path = GFImageView.swift; sourceTree = "<group>"; };
		54F34DBC2C9564650017905A /* GFFollowerListVC.swift */ = {isa = PBXFileReference; lastKnownFileType = sourcecode.swift; path = GFFollowerListVC.swift; sourceTree = "<group>"; };
		54F34DBE2C95755A0017905A /* GFKeyboardDoneToolbar.swift */ = {isa = PBXFileReference; lastKnownFileType = sourcecode.swift; path = GFKeyboardDoneToolbar.swift; sourceTree = "<group>"; };
		54F34DC02C957B500017905A /* GFAlertController.swift */ = {isa = PBXFileReference; lastKnownFileType = sourcecode.swift; path = GFAlertController.swift; sourceTree = "<group>"; };
		54F34DC22C95807A0017905A /* String+Validation.swift */ = {isa = PBXFileReference; lastKnownFileType = sourcecode.swift; path = "String+Validation.swift"; sourceTree = "<group>"; };
		54F34DC42C9582350017905A /* GFTitleLabel.swift */ = {isa = PBXFileReference; lastKnownFileType = sourcecode.swift; name = GFTitleLabel.swift; path = "Github Followers/Custom Views/Labels/GFTitleLabel.swift"; sourceTree = SOURCE_ROOT; };
		54F34DC62C9583720017905A /* GFBodyLabel.swift */ = {isa = PBXFileReference; lastKnownFileType = sourcecode.swift; name = GFBodyLabel.swift; path = "Github Followers/Custom Views/Labels/GFBodyLabel.swift"; sourceTree = SOURCE_ROOT; };
		54F34DC82C9585AD0017905A /* GFAlertContainerView.swift */ = {isa = PBXFileReference; lastKnownFileType = sourcecode.swift; path = GFAlertContainerView.swift; sourceTree = "<group>"; };
		54F34DCA2C9589930017905A /* UIViewController+Presentation.swift */ = {isa = PBXFileReference; lastKnownFileType = sourcecode.swift; path = "UIViewController+Presentation.swift"; sourceTree = "<group>"; };
		54F34DCF2C95FD330017905A /* Follower.swift */ = {isa = PBXFileReference; lastKnownFileType = sourcecode.swift; path = Follower.swift; sourceTree = "<group>"; };
		54F34DD12C95FF460017905A /* User.swift */ = {isa = PBXFileReference; lastKnownFileType = sourcecode.swift; path = User.swift; sourceTree = "<group>"; };
		54F34DD42C9602810017905A /* NetworkManager.swift */ = {isa = PBXFileReference; lastKnownFileType = sourcecode.swift; path = NetworkManager.swift; sourceTree = "<group>"; };
		54F34DD62C96437A0017905A /* GFLoadingView.swift */ = {isa = PBXFileReference; lastKnownFileType = sourcecode.swift; path = GFLoadingView.swift; sourceTree = "<group>"; };
		54F34DD92C9647B70017905A /* GFError.swift */ = {isa = PBXFileReference; lastKnownFileType = sourcecode.swift; path = GFError.swift; sourceTree = "<group>"; };
		54F34DDD2C964D190017905A /* GFFollowerCell.swift */ = {isa = PBXFileReference; lastKnownFileType = sourcecode.swift; path = GFFollowerCell.swift; sourceTree = "<group>"; };
		54F34DE12C964DE00017905A /* GFAvatarImageView.swift */ = {isa = PBXFileReference; lastKnownFileType = sourcecode.swift; path = GFAvatarImageView.swift; sourceTree = "<group>"; };
		54F34DE42C9662F40017905A /* UINavigationBar+Appearance.swift */ = {isa = PBXFileReference; lastKnownFileType = sourcecode.swift; path = "UINavigationBar+Appearance.swift"; sourceTree = "<group>"; };
		54F34DE62C9669390017905A /* UI Helper.swift */ = {isa = PBXFileReference; lastKnownFileType = sourcecode.swift; path = "UI Helper.swift"; sourceTree = "<group>"; };
		54F34DE82C96822C0017905A /* GFEmptyStateView.swift */ = {isa = PBXFileReference; lastKnownFileType = sourcecode.swift; path = GFEmptyStateView.swift; sourceTree = "<group>"; };
		54F34DEA2C9774DD0017905A /* GFUserInfoVC.swift */ = {isa = PBXFileReference; lastKnownFileType = sourcecode.swift; path = GFUserInfoVC.swift; sourceTree = "<group>"; };
		54F34DEC2C978CA20017905A /* GFUserInfoHeaderVC.swift */ = {isa = PBXFileReference; lastKnownFileType = sourcecode.swift; path = GFUserInfoHeaderVC.swift; sourceTree = "<group>"; };
		54F34DEE2C978D250017905A /* GFSecondaryTitleLabel.swift */ = {isa = PBXFileReference; lastKnownFileType = sourcecode.swift; path = GFSecondaryTitleLabel.swift; sourceTree = "<group>"; };
		54F34DF02C9793260017905A /* Constants.swift */ = {isa = PBXFileReference; lastKnownFileType = sourcecode.swift; path = Constants.swift; sourceTree = "<group>"; };
/* End PBXFileReference section */

/* Begin PBXFrameworksBuildPhase section */
		540E0F932C901EDC00A4530A /* Frameworks */ = {
			isa = PBXFrameworksBuildPhase;
			buildActionMask = 2147483647;
			files = (
			);
			runOnlyForDeploymentPostprocessing = 0;
		};
		540E0FA92C901EE100A4530A /* Frameworks */ = {
			isa = PBXFrameworksBuildPhase;
			buildActionMask = 2147483647;
			files = (
			);
			runOnlyForDeploymentPostprocessing = 0;
		};
		540E0FB32C901EE100A4530A /* Frameworks */ = {
			isa = PBXFrameworksBuildPhase;
			buildActionMask = 2147483647;
			files = (
			);
			runOnlyForDeploymentPostprocessing = 0;
		};
/* End PBXFrameworksBuildPhase section */

/* Begin PBXGroup section */
		540E0F8D2C901EDC00A4530A = {
			isa = PBXGroup;
			children = (
				540E0F982C901EDC00A4530A /* Github Followers */,
				540E0FAF2C901EE100A4530A /* Github FollowersTests */,
				540E0FB92C901EE100A4530A /* Github FollowersUITests */,
				540E0F972C901EDC00A4530A /* Products */,
			);
			sourceTree = "<group>";
		};
		540E0F972C901EDC00A4530A /* Products */ = {
			isa = PBXGroup;
			children = (
				540E0F962C901EDC00A4530A /* Github Followers.app */,
				540E0FAC2C901EE100A4530A /* Github FollowersTests.xctest */,
				540E0FB62C901EE100A4530A /* Github FollowersUITests.xctest */,
			);
			name = Products;
			sourceTree = "<group>";
		};
		540E0F982C901EDC00A4530A /* Github Followers */ = {
			isa = PBXGroup;
			children = (
				54F34DCE2C958CE50017905A /* Supporting Files */,
				54F34DD82C9647A00017905A /* Utilities */,
				54A8AC252C9372F7009089D7 /* View Controllers */,
				54A8AC242C9372D2009089D7 /* Custom Views */,
				54F34DCC2C958C5E0017905A /* SwiftUI Views */,
				54A8AC232C9372C9009089D7 /* Extensions */,
				54F34DBA2C9559550017905A /* Network Module */,
				540E0FA72C901EE000A4530A /* Info.plist */,
			);
			path = "Github Followers";
			sourceTree = "<group>";
		};
		540E0FAF2C901EE100A4530A /* Github FollowersTests */ = {
			isa = PBXGroup;
			children = (
				540E0FB02C901EE100A4530A /* Github_FollowersTests.swift */,
			);
			path = "Github FollowersTests";
			sourceTree = "<group>";
		};
		540E0FB92C901EE100A4530A /* Github FollowersUITests */ = {
			isa = PBXGroup;
			children = (
				540E0FBA2C901EE100A4530A /* Github_FollowersUITests.swift */,
				540E0FBC2C901EE100A4530A /* Github_FollowersUITestsLaunchTests.swift */,
			);
			path = "Github FollowersUITests";
			sourceTree = "<group>";
		};
		548A347F2C9965C600C328C2 /* Item Info VCs */ = {
			isa = PBXGroup;
			children = (
				548A34792C9954BF00C328C2 /* GFItemInfoVC.swift */,
				548A347B2C99637700C328C2 /* GFRepoItemVC.swift */,
				548A347D2C99656C00C328C2 /* GFFollowerItemVC.swift */,
			);
			path = "Item Info VCs";
			sourceTree = "<group>";
		};
		54A8AC232C9372C9009089D7 /* Extensions */ = {
			isa = PBXGroup;
			children = (
				54A8AC1B2C92AE22009089D7 /* UITabBarController+Appearance.swift */,
				54F34DE42C9662F40017905A /* UINavigationBar+Appearance.swift */,
				54F34DCA2C9589930017905A /* UIViewController+Presentation.swift */,
				54F34DC22C95807A0017905A /* String+Validation.swift */,
				54A8AC1F2C936E14009089D7 /* UIColor Extension.swift */,
				548A34802C99691200C328C2 /* Date+Extension.swift */,
				548A34822C99692200C328C2 /* String+Extension.swift */,
			);
			path = Extensions;
			sourceTree = "<group>";
		};
		54A8AC242C9372D2009089D7 /* Custom Views */ = {
			isa = PBXGroup;
			children = (
				54F34DBE2C95755A0017905A /* GFKeyboardDoneToolbar.swift */,
				54F34DDF2C964D270017905A /* Cells */,
				54F34DD62C96437A0017905A /* GFLoadingView.swift */,
				54A8AC212C93727F009089D7 /* GFButton.swift */,
				54F34DB62C9375FA0017905A /* GFSearchTextField.swift */,
				54F34DE02C964DCA0017905A /* Image Views */,
				54F34DCD2C958C700017905A /* Labels */,
				54F34DC82C9585AD0017905A /* GFAlertContainerView.swift */,
				54F34DC02C957B500017905A /* GFAlertController.swift */,
				54F34DE82C96822C0017905A /* GFEmptyStateView.swift */,
				548A34772C9950AB00C328C2 /* GFItemInfoView.swift */,
				548A34882C99FEA700C328C2 /* GFTabBarController.swift */,
			);
			path = "Custom Views";
			sourceTree = "<group>";
		};
		54A8AC252C9372F7009089D7 /* View Controllers */ = {
			isa = PBXGroup;
			children = (
				540E0F9D2C901EDC00A4530A /* GFSearchUserVC.swift */,
				54A8AC192C92ACCD009089D7 /* GFFavoritesVC.swift */,
				54F34DBC2C9564650017905A /* GFFollowerListVC.swift */,
				54F34DEA2C9774DD0017905A /* GFUserInfoVC.swift */,
				54F34DEC2C978CA20017905A /* GFUserInfoHeaderVC.swift */,
				548A347F2C9965C600C328C2 /* Item Info VCs */,
			);
			path = "View Controllers";
			sourceTree = "<group>";
		};
		54F34DBA2C9559550017905A /* Network Module */ = {
			isa = PBXGroup;
			children = (
				54F34DBB2C95596F0017905A /* Data Models */,
				54F34DD42C9602810017905A /* NetworkManager.swift */,
				548A34842C997E4E00C328C2 /* PersistenceManager.swift */,
			);
			path = "Network Module";
			sourceTree = "<group>";
		};
		54F34DBB2C95596F0017905A /* Data Models */ = {
			isa = PBXGroup;
			children = (
				54F34DCF2C95FD330017905A /* Follower.swift */,
				54F34DD12C95FF460017905A /* User.swift */,
			);
			path = "Data Models";
			sourceTree = "<group>";
		};
		54F34DCC2C958C5E0017905A /* SwiftUI Views */ = {
			isa = PBXGroup;
			children = (
				54A8AC1D2C92B1F9009089D7 /* DummyGridView.swift */,
			);
			path = "SwiftUI Views";
			sourceTree = "<group>";
		};
		54F34DCD2C958C700017905A /* Labels */ = {
			isa = PBXGroup;
			children = (
				54F34DC42C9582350017905A /* GFTitleLabel.swift */,
				54F34DEE2C978D250017905A /* GFSecondaryTitleLabel.swift */,
				54F34DC62C9583720017905A /* GFBodyLabel.swift */,
			);
			path = Labels;
			sourceTree = "<group>";
		};
		54F34DCE2C958CE50017905A /* Supporting Files */ = {
			isa = PBXGroup;
			children = (
				540E0F992C901EDC00A4530A /* AppDelegate.swift */,
				540E0F9B2C901EDC00A4530A /* SceneDelegate.swift */,
				540E0FA22C901EE000A4530A /* Assets.xcassets */,
				540E0FA42C901EE000A4530A /* LaunchScreen.storyboard */,
			);
			path = "Supporting Files";
			sourceTree = "<group>";
		};
		54F34DD82C9647A00017905A /* Utilities */ = {
			isa = PBXGroup;
			children = (
				54F34DD92C9647B70017905A /* GFError.swift */,
				54F34DE62C9669390017905A /* UI Helper.swift */,
				54F34DF02C9793260017905A /* Constants.swift */,
			);
			path = Utilities;
			sourceTree = "<group>";
		};
		54F34DDF2C964D270017905A /* Cells */ = {
			isa = PBXGroup;
			children = (
				54F34DDD2C964D190017905A /* GFFollowerCell.swift */,
				548A34862C99EA4F00C328C2 /* GFFavoritesCell.swift */,
			);
			path = Cells;
			sourceTree = "<group>";
		};
		54F34DE02C964DCA0017905A /* Image Views */ = {
			isa = PBXGroup;
			children = (
				54F34DB82C937B010017905A /* GFImageView.swift */,
				54F34DE12C964DE00017905A /* GFAvatarImageView.swift */,
			);
			path = "Image Views";
			sourceTree = "<group>";
		};
/* End PBXGroup section */

/* Begin PBXNativeTarget section */
		540E0F952C901EDC00A4530A /* Github Followers */ = {
			isa = PBXNativeTarget;
			buildConfigurationList = 540E0FC02C901EE100A4530A /* Build configuration list for PBXNativeTarget "Github Followers" */;
			buildPhases = (
				540E0F922C901EDC00A4530A /* Sources */,
				540E0F932C901EDC00A4530A /* Frameworks */,
				540E0F942C901EDC00A4530A /* Resources */,
			);
			buildRules = (
			);
			dependencies = (
			);
			name = "Github Followers";
			productName = "Github Followers";
			productReference = 540E0F962C901EDC00A4530A /* Github Followers.app */;
			productType = "com.apple.product-type.application";
		};
		540E0FAB2C901EE100A4530A /* Github FollowersTests */ = {
			isa = PBXNativeTarget;
			buildConfigurationList = 540E0FC32C901EE100A4530A /* Build configuration list for PBXNativeTarget "Github FollowersTests" */;
			buildPhases = (
				540E0FA82C901EE100A4530A /* Sources */,
				540E0FA92C901EE100A4530A /* Frameworks */,
				540E0FAA2C901EE100A4530A /* Resources */,
			);
			buildRules = (
			);
			dependencies = (
				540E0FAE2C901EE100A4530A /* PBXTargetDependency */,
			);
			name = "Github FollowersTests";
			productName = "Github FollowersTests";
			productReference = 540E0FAC2C901EE100A4530A /* Github FollowersTests.xctest */;
			productType = "com.apple.product-type.bundle.unit-test";
		};
		540E0FB52C901EE100A4530A /* Github FollowersUITests */ = {
			isa = PBXNativeTarget;
			buildConfigurationList = 540E0FC62C901EE100A4530A /* Build configuration list for PBXNativeTarget "Github FollowersUITests" */;
			buildPhases = (
				540E0FB22C901EE100A4530A /* Sources */,
				540E0FB32C901EE100A4530A /* Frameworks */,
				540E0FB42C901EE100A4530A /* Resources */,
			);
			buildRules = (
			);
			dependencies = (
				540E0FB82C901EE100A4530A /* PBXTargetDependency */,
			);
			name = "Github FollowersUITests";
			productName = "Github FollowersUITests";
			productReference = 540E0FB62C901EE100A4530A /* Github FollowersUITests.xctest */;
			productType = "com.apple.product-type.bundle.ui-testing";
		};
/* End PBXNativeTarget section */

/* Begin PBXProject section */
		540E0F8E2C901EDC00A4530A /* Project object */ = {
			isa = PBXProject;
			attributes = {
				BuildIndependentTargetsInParallel = 1;
				LastSwiftUpdateCheck = 1520;
				LastUpgradeCheck = 1520;
				TargetAttributes = {
					540E0F952C901EDC00A4530A = {
						CreatedOnToolsVersion = 15.2;
					};
					540E0FAB2C901EE100A4530A = {
						CreatedOnToolsVersion = 15.2;
						TestTargetID = 540E0F952C901EDC00A4530A;
					};
					540E0FB52C901EE100A4530A = {
						CreatedOnToolsVersion = 15.2;
						TestTargetID = 540E0F952C901EDC00A4530A;
					};
				};
			};
			buildConfigurationList = 540E0F912C901EDC00A4530A /* Build configuration list for PBXProject "Github Followers" */;
			compatibilityVersion = "Xcode 14.0";
			developmentRegion = en;
			hasScannedForEncodings = 0;
			knownRegions = (
				en,
				Base,
			);
			mainGroup = 540E0F8D2C901EDC00A4530A;
			productRefGroup = 540E0F972C901EDC00A4530A /* Products */;
			projectDirPath = "";
			projectRoot = "";
			targets = (
				540E0F952C901EDC00A4530A /* Github Followers */,
				540E0FAB2C901EE100A4530A /* Github FollowersTests */,
				540E0FB52C901EE100A4530A /* Github FollowersUITests */,
			);
		};
/* End PBXProject section */

/* Begin PBXResourcesBuildPhase section */
		540E0F942C901EDC00A4530A /* Resources */ = {
			isa = PBXResourcesBuildPhase;
			buildActionMask = 2147483647;
			files = (
				540E0FA62C901EE000A4530A /* LaunchScreen.storyboard in Resources */,
				540E0FA32C901EE000A4530A /* Assets.xcassets in Resources */,
			);
			runOnlyForDeploymentPostprocessing = 0;
		};
		540E0FAA2C901EE100A4530A /* Resources */ = {
			isa = PBXResourcesBuildPhase;
			buildActionMask = 2147483647;
			files = (
			);
			runOnlyForDeploymentPostprocessing = 0;
		};
		540E0FB42C901EE100A4530A /* Resources */ = {
			isa = PBXResourcesBuildPhase;
			buildActionMask = 2147483647;
			files = (
			);
			runOnlyForDeploymentPostprocessing = 0;
		};
/* End PBXResourcesBuildPhase section */

/* Begin PBXSourcesBuildPhase section */
		540E0F922C901EDC00A4530A /* Sources */ = {
			isa = PBXSourcesBuildPhase;
			buildActionMask = 2147483647;
			files = (
				54F34DD02C95FD340017905A /* Follower.swift in Sources */,
				54F34DE92C96822D0017905A /* GFEmptyStateView.swift in Sources */,
				54F34DBD2C9564650017905A /* GFFollowerListVC.swift in Sources */,
				54F34DC92C9585AD0017905A /* GFAlertContainerView.swift in Sources */,
				54F34DD52C9602810017905A /* NetworkManager.swift in Sources */,
				54A8AC1A2C92ACCE009089D7 /* GFFavoritesVC.swift in Sources */,
				54F34DEF2C978D250017905A /* GFSecondaryTitleLabel.swift in Sources */,
				54F34DF12C9793260017905A /* Constants.swift in Sources */,
				540E0F9E2C901EDC00A4530A /* GFSearchUserVC.swift in Sources */,
				54F34DC52C9582350017905A /* GFTitleLabel.swift in Sources */,
				54A8AC222C937280009089D7 /* GFButton.swift in Sources */,
				54A8AC202C936E15009089D7 /* UIColor Extension.swift in Sources */,
				548A347C2C99637700C328C2 /* GFRepoItemVC.swift in Sources */,
				54F34DD22C95FF460017905A /* User.swift in Sources */,
				54F34DDA2C9647B70017905A /* GFError.swift in Sources */,
				54F34DE52C9662F40017905A /* UINavigationBar+Appearance.swift in Sources */,
				54F34DD72C96437A0017905A /* GFLoadingView.swift in Sources */,
				540E0F9A2C901EDC00A4530A /* AppDelegate.swift in Sources */,
				548A34852C997E4E00C328C2 /* PersistenceManager.swift in Sources */,
				548A34812C99691200C328C2 /* Date+Extension.swift in Sources */,
				548A347A2C9954BF00C328C2 /* GFItemInfoVC.swift in Sources */,
				54F34DC72C9583720017905A /* GFBodyLabel.swift in Sources */,
				548A347E2C99656C00C328C2 /* GFFollowerItemVC.swift in Sources */,
				548A34832C99692200C328C2 /* String+Extension.swift in Sources */,
				548A34872C99EA5000C328C2 /* GFFavoritesCell.swift in Sources */,
				54F34DDE2C964D1A0017905A /* GFFollowerCell.swift in Sources */,
				54F34DCB2C9589930017905A /* UIViewController+Presentation.swift in Sources */,
				54F34DE22C964DE00017905A /* GFAvatarImageView.swift in Sources */,
				54F34DE72C96693A0017905A /* UI Helper.swift in Sources */,
				548A34782C9950AB00C328C2 /* GFItemInfoView.swift in Sources */,
				548A34892C99FEA800C328C2 /* GFTabBarController.swift in Sources */,
				54F34DEB2C9774DD0017905A /* GFUserInfoVC.swift in Sources */,
				54F34DBF2C95755B0017905A /* GFKeyboardDoneToolbar.swift in Sources */,
				54F34DED2C978CA30017905A /* GFUserInfoHeaderVC.swift in Sources */,
				54A8AC1E2C92B1F9009089D7 /* DummyGridView.swift in Sources */,
				54F34DB72C9375FA0017905A /* GFSearchTextField.swift in Sources */,
				54F34DB92C937B010017905A /* GFImageView.swift in Sources */,
				54A8AC1C2C92AE22009089D7 /* UITabBarController+Appearance.swift in Sources */,
				540E0F9C2C901EDC00A4530A /* SceneDelegate.swift in Sources */,
				54F34DC12C957B500017905A /* GFAlertController.swift in Sources */,
				54F34DC32C95807A0017905A /* String+Validation.swift in Sources */,
			);
			runOnlyForDeploymentPostprocessing = 0;
		};
		540E0FA82C901EE100A4530A /* Sources */ = {
			isa = PBXSourcesBuildPhase;
			buildActionMask = 2147483647;
			files = (
				540E0FB12C901EE100A4530A /* Github_FollowersTests.swift in Sources */,
			);
			runOnlyForDeploymentPostprocessing = 0;
		};
		540E0FB22C901EE100A4530A /* Sources */ = {
			isa = PBXSourcesBuildPhase;
			buildActionMask = 2147483647;
			files = (
				540E0FBB2C901EE100A4530A /* Github_FollowersUITests.swift in Sources */,
				540E0FBD2C901EE100A4530A /* Github_FollowersUITestsLaunchTests.swift in Sources */,
			);
			runOnlyForDeploymentPostprocessing = 0;
		};
/* End PBXSourcesBuildPhase section */

/* Begin PBXTargetDependency section */
		540E0FAE2C901EE100A4530A /* PBXTargetDependency */ = {
			isa = PBXTargetDependency;
			target = 540E0F952C901EDC00A4530A /* Github Followers */;
			targetProxy = 540E0FAD2C901EE100A4530A /* PBXContainerItemProxy */;
		};
		540E0FB82C901EE100A4530A /* PBXTargetDependency */ = {
			isa = PBXTargetDependency;
			target = 540E0F952C901EDC00A4530A /* Github Followers */;
			targetProxy = 540E0FB72C901EE100A4530A /* PBXContainerItemProxy */;
		};
/* End PBXTargetDependency section */

/* Begin PBXVariantGroup section */
		540E0FA42C901EE000A4530A /* LaunchScreen.storyboard */ = {
			isa = PBXVariantGroup;
			children = (
				540E0FA52C901EE000A4530A /* Base */,
			);
			name = LaunchScreen.storyboard;
			sourceTree = "<group>";
		};
/* End PBXVariantGroup section */

/* Begin XCBuildConfiguration section */
		540E0FBE2C901EE100A4530A /* Debug */ = {
			isa = XCBuildConfiguration;
			buildSettings = {
				ALWAYS_SEARCH_USER_PATHS = NO;
				ASSETCATALOG_COMPILER_GENERATE_SWIFT_ASSET_SYMBOL_EXTENSIONS = YES;
				CLANG_ANALYZER_NONNULL = YES;
				CLANG_ANALYZER_NUMBER_OBJECT_CONVERSION = YES_AGGRESSIVE;
				CLANG_CXX_LANGUAGE_STANDARD = "gnu++20";
				CLANG_ENABLE_MODULES = YES;
				CLANG_ENABLE_OBJC_ARC = YES;
				CLANG_ENABLE_OBJC_WEAK = YES;
				CLANG_WARN_BLOCK_CAPTURE_AUTORELEASING = YES;
				CLANG_WARN_BOOL_CONVERSION = YES;
				CLANG_WARN_COMMA = YES;
				CLANG_WARN_CONSTANT_CONVERSION = YES;
				CLANG_WARN_DEPRECATED_OBJC_IMPLEMENTATIONS = YES;
				CLANG_WARN_DIRECT_OBJC_ISA_USAGE = YES_ERROR;
				CLANG_WARN_DOCUMENTATION_COMMENTS = YES;
				CLANG_WARN_EMPTY_BODY = YES;
				CLANG_WARN_ENUM_CONVERSION = YES;
				CLANG_WARN_INFINITE_RECURSION = YES;
				CLANG_WARN_INT_CONVERSION = YES;
				CLANG_WARN_NON_LITERAL_NULL_CONVERSION = YES;
				CLANG_WARN_OBJC_IMPLICIT_RETAIN_SELF = YES;
				CLANG_WARN_OBJC_LITERAL_CONVERSION = YES;
				CLANG_WARN_OBJC_ROOT_CLASS = YES_ERROR;
				CLANG_WARN_QUOTED_INCLUDE_IN_FRAMEWORK_HEADER = YES;
				CLANG_WARN_RANGE_LOOP_ANALYSIS = YES;
				CLANG_WARN_STRICT_PROTOTYPES = YES;
				CLANG_WARN_SUSPICIOUS_MOVE = YES;
				CLANG_WARN_UNGUARDED_AVAILABILITY = YES_AGGRESSIVE;
				CLANG_WARN_UNREACHABLE_CODE = YES;
				CLANG_WARN__DUPLICATE_METHOD_MATCH = YES;
				COPY_PHASE_STRIP = NO;
				DEBUG_INFORMATION_FORMAT = dwarf;
				ENABLE_STRICT_OBJC_MSGSEND = YES;
				ENABLE_TESTABILITY = YES;
				ENABLE_USER_SCRIPT_SANDBOXING = YES;
				GCC_C_LANGUAGE_STANDARD = gnu17;
				GCC_DYNAMIC_NO_PIC = NO;
				GCC_NO_COMMON_BLOCKS = YES;
				GCC_OPTIMIZATION_LEVEL = 0;
				GCC_PREPROCESSOR_DEFINITIONS = (
					"DEBUG=1",
					"$(inherited)",
				);
				GCC_WARN_64_TO_32_BIT_CONVERSION = YES;
				GCC_WARN_ABOUT_RETURN_TYPE = YES_ERROR;
				GCC_WARN_UNDECLARED_SELECTOR = YES;
				GCC_WARN_UNINITIALIZED_AUTOS = YES_AGGRESSIVE;
				GCC_WARN_UNUSED_FUNCTION = YES;
				GCC_WARN_UNUSED_VARIABLE = YES;
				IPHONEOS_DEPLOYMENT_TARGET = 16.0;
				LOCALIZATION_PREFERS_STRING_CATALOGS = YES;
				MTL_ENABLE_DEBUG_INFO = INCLUDE_SOURCE;
				MTL_FAST_MATH = YES;
				ONLY_ACTIVE_ARCH = YES;
				SDKROOT = iphoneos;
				SWIFT_ACTIVE_COMPILATION_CONDITIONS = "DEBUG $(inherited)";
				SWIFT_OPTIMIZATION_LEVEL = "-Onone";
			};
			name = Debug;
		};
		540E0FBF2C901EE100A4530A /* Release */ = {
			isa = XCBuildConfiguration;
			buildSettings = {
				ALWAYS_SEARCH_USER_PATHS = NO;
				ASSETCATALOG_COMPILER_GENERATE_SWIFT_ASSET_SYMBOL_EXTENSIONS = YES;
				CLANG_ANALYZER_NONNULL = YES;
				CLANG_ANALYZER_NUMBER_OBJECT_CONVERSION = YES_AGGRESSIVE;
				CLANG_CXX_LANGUAGE_STANDARD = "gnu++20";
				CLANG_ENABLE_MODULES = YES;
				CLANG_ENABLE_OBJC_ARC = YES;
				CLANG_ENABLE_OBJC_WEAK = YES;
				CLANG_WARN_BLOCK_CAPTURE_AUTORELEASING = YES;
				CLANG_WARN_BOOL_CONVERSION = YES;
				CLANG_WARN_COMMA = YES;
				CLANG_WARN_CONSTANT_CONVERSION = YES;
				CLANG_WARN_DEPRECATED_OBJC_IMPLEMENTATIONS = YES;
				CLANG_WARN_DIRECT_OBJC_ISA_USAGE = YES_ERROR;
				CLANG_WARN_DOCUMENTATION_COMMENTS = YES;
				CLANG_WARN_EMPTY_BODY = YES;
				CLANG_WARN_ENUM_CONVERSION = YES;
				CLANG_WARN_INFINITE_RECURSION = YES;
				CLANG_WARN_INT_CONVERSION = YES;
				CLANG_WARN_NON_LITERAL_NULL_CONVERSION = YES;
				CLANG_WARN_OBJC_IMPLICIT_RETAIN_SELF = YES;
				CLANG_WARN_OBJC_LITERAL_CONVERSION = YES;
				CLANG_WARN_OBJC_ROOT_CLASS = YES_ERROR;
				CLANG_WARN_QUOTED_INCLUDE_IN_FRAMEWORK_HEADER = YES;
				CLANG_WARN_RANGE_LOOP_ANALYSIS = YES;
				CLANG_WARN_STRICT_PROTOTYPES = YES;
				CLANG_WARN_SUSPICIOUS_MOVE = YES;
				CLANG_WARN_UNGUARDED_AVAILABILITY = YES_AGGRESSIVE;
				CLANG_WARN_UNREACHABLE_CODE = YES;
				CLANG_WARN__DUPLICATE_METHOD_MATCH = YES;
				COPY_PHASE_STRIP = NO;
				DEBUG_INFORMATION_FORMAT = "dwarf-with-dsym";
				ENABLE_NS_ASSERTIONS = NO;
				ENABLE_STRICT_OBJC_MSGSEND = YES;
				ENABLE_USER_SCRIPT_SANDBOXING = YES;
				GCC_C_LANGUAGE_STANDARD = gnu17;
				GCC_NO_COMMON_BLOCKS = YES;
				GCC_WARN_64_TO_32_BIT_CONVERSION = YES;
				GCC_WARN_ABOUT_RETURN_TYPE = YES_ERROR;
				GCC_WARN_UNDECLARED_SELECTOR = YES;
				GCC_WARN_UNINITIALIZED_AUTOS = YES_AGGRESSIVE;
				GCC_WARN_UNUSED_FUNCTION = YES;
				GCC_WARN_UNUSED_VARIABLE = YES;
				IPHONEOS_DEPLOYMENT_TARGET = 16.0;
				LOCALIZATION_PREFERS_STRING_CATALOGS = YES;
				MTL_ENABLE_DEBUG_INFO = NO;
				MTL_FAST_MATH = YES;
				SDKROOT = iphoneos;
				SWIFT_COMPILATION_MODE = wholemodule;
				VALIDATE_PRODUCT = YES;
			};
			name = Release;
		};
		540E0FC12C901EE100A4530A /* Debug */ = {
			isa = XCBuildConfiguration;
			buildSettings = {
				ASSETCATALOG_COMPILER_APPICON_NAME = AppIcon;
				ASSETCATALOG_COMPILER_GLOBAL_ACCENT_COLOR_NAME = AccentColor;
				CODE_SIGN_STYLE = Automatic;
				CURRENT_PROJECT_VERSION = 1;
				DEVELOPMENT_TEAM = PBR7Q6PS8R;
				GENERATE_INFOPLIST_FILE = YES;
				INFOPLIST_FILE = "Github Followers/Info.plist";
				INFOPLIST_KEY_CFBundleDisplayName = GHFollowers;
				INFOPLIST_KEY_UIApplicationSupportsIndirectInputEvents = YES;
				INFOPLIST_KEY_UILaunchStoryboardName = LaunchScreen;
				INFOPLIST_KEY_UISupportedInterfaceOrientations_iPad = "UIInterfaceOrientationPortrait UIInterfaceOrientationPortraitUpsideDown UIInterfaceOrientationLandscapeLeft UIInterfaceOrientationLandscapeRight";
				INFOPLIST_KEY_UISupportedInterfaceOrientations_iPhone = "UIInterfaceOrientationPortrait UIInterfaceOrientationLandscapeLeft UIInterfaceOrientationLandscapeRight";
				IPHONEOS_DEPLOYMENT_TARGET = 16.0;
				LD_RUNPATH_SEARCH_PATHS = (
					"$(inherited)",
					"@executable_path/Frameworks",
				);
				MARKETING_VERSION = 1.0;
				PRODUCT_BUNDLE_IDENTIFIER = "com.interviewprep.Github-Followers";
				PRODUCT_NAME = "$(TARGET_NAME)";
				SWIFT_EMIT_LOC_STRINGS = YES;
				SWIFT_VERSION = 5.0;
				TARGETED_DEVICE_FAMILY = "1,2";
			};
			name = Debug;
		};
		540E0FC22C901EE100A4530A /* Release */ = {
			isa = XCBuildConfiguration;
			buildSettings = {
				ASSETCATALOG_COMPILER_APPICON_NAME = AppIcon;
				ASSETCATALOG_COMPILER_GLOBAL_ACCENT_COLOR_NAME = AccentColor;
				CODE_SIGN_STYLE = Automatic;
				CURRENT_PROJECT_VERSION = 1;
				DEVELOPMENT_TEAM = PBR7Q6PS8R;
				GENERATE_INFOPLIST_FILE = YES;
				INFOPLIST_FILE = "Github Followers/Info.plist";
				INFOPLIST_KEY_CFBundleDisplayName = GHFollowers;
				INFOPLIST_KEY_UIApplicationSupportsIndirectInputEvents = YES;
				INFOPLIST_KEY_UILaunchStoryboardName = LaunchScreen;
				INFOPLIST_KEY_UISupportedInterfaceOrientations_iPad = "UIInterfaceOrientationPortrait UIInterfaceOrientationPortraitUpsideDown UIInterfaceOrientationLandscapeLeft UIInterfaceOrientationLandscapeRight";
				INFOPLIST_KEY_UISupportedInterfaceOrientations_iPhone = "UIInterfaceOrientationPortrait UIInterfaceOrientationLandscapeLeft UIInterfaceOrientationLandscapeRight";
				IPHONEOS_DEPLOYMENT_TARGET = 16.0;
				LD_RUNPATH_SEARCH_PATHS = (
					"$(inherited)",
					"@executable_path/Frameworks",
				);
				MARKETING_VERSION = 1.0;
				PRODUCT_BUNDLE_IDENTIFIER = "com.interviewprep.Github-Followers";
				PRODUCT_NAME = "$(TARGET_NAME)";
				SWIFT_EMIT_LOC_STRINGS = YES;
				SWIFT_VERSION = 5.0;
				TARGETED_DEVICE_FAMILY = "1,2";
			};
			name = Release;
		};
		540E0FC42C901EE100A4530A /* Debug */ = {
			isa = XCBuildConfiguration;
			buildSettings = {
				ALWAYS_EMBED_SWIFT_STANDARD_LIBRARIES = YES;
				BUNDLE_LOADER = "$(TEST_HOST)";
				CODE_SIGN_STYLE = Automatic;
				CURRENT_PROJECT_VERSION = 1;
				DEVELOPMENT_TEAM = PBR7Q6PS8R;
				GENERATE_INFOPLIST_FILE = YES;
				IPHONEOS_DEPLOYMENT_TARGET = 17.2;
				MARKETING_VERSION = 1.0;
				PRODUCT_BUNDLE_IDENTIFIER = "com.interviewprep.Github-FollowersTests";
				PRODUCT_NAME = "$(TARGET_NAME)";
				SWIFT_EMIT_LOC_STRINGS = NO;
				SWIFT_VERSION = 5.0;
				TARGETED_DEVICE_FAMILY = "1,2";
				TEST_HOST = "$(BUILT_PRODUCTS_DIR)/Github Followers.app/$(BUNDLE_EXECUTABLE_FOLDER_PATH)/Github Followers";
			};
			name = Debug;
		};
		540E0FC52C901EE100A4530A /* Release */ = {
			isa = XCBuildConfiguration;
			buildSettings = {
				ALWAYS_EMBED_SWIFT_STANDARD_LIBRARIES = YES;
				BUNDLE_LOADER = "$(TEST_HOST)";
				CODE_SIGN_STYLE = Automatic;
				CURRENT_PROJECT_VERSION = 1;
				DEVELOPMENT_TEAM = PBR7Q6PS8R;
				GENERATE_INFOPLIST_FILE = YES;
				IPHONEOS_DEPLOYMENT_TARGET = 17.2;
				MARKETING_VERSION = 1.0;
				PRODUCT_BUNDLE_IDENTIFIER = "com.interviewprep.Github-FollowersTests";
				PRODUCT_NAME = "$(TARGET_NAME)";
				SWIFT_EMIT_LOC_STRINGS = NO;
				SWIFT_VERSION = 5.0;
				TARGETED_DEVICE_FAMILY = "1,2";
				TEST_HOST = "$(BUILT_PRODUCTS_DIR)/Github Followers.app/$(BUNDLE_EXECUTABLE_FOLDER_PATH)/Github Followers";
			};
			name = Release;
		};
		540E0FC72C901EE100A4530A /* Debug */ = {
			isa = XCBuildConfiguration;
			buildSettings = {
				ALWAYS_EMBED_SWIFT_STANDARD_LIBRARIES = YES;
				CODE_SIGN_STYLE = Automatic;
				CURRENT_PROJECT_VERSION = 1;
				DEVELOPMENT_TEAM = PBR7Q6PS8R;
				GENERATE_INFOPLIST_FILE = YES;
				MARKETING_VERSION = 1.0;
				PRODUCT_BUNDLE_IDENTIFIER = "com.interviewprep.Github-FollowersUITests";
				PRODUCT_NAME = "$(TARGET_NAME)";
				SWIFT_EMIT_LOC_STRINGS = NO;
				SWIFT_VERSION = 5.0;
				TARGETED_DEVICE_FAMILY = "1,2";
				TEST_TARGET_NAME = "Github Followers";
			};
			name = Debug;
		};
		540E0FC82C901EE100A4530A /* Release */ = {
			isa = XCBuildConfiguration;
			buildSettings = {
				ALWAYS_EMBED_SWIFT_STANDARD_LIBRARIES = YES;
				CODE_SIGN_STYLE = Automatic;
				CURRENT_PROJECT_VERSION = 1;
				DEVELOPMENT_TEAM = PBR7Q6PS8R;
				GENERATE_INFOPLIST_FILE = YES;
				MARKETING_VERSION = 1.0;
				PRODUCT_BUNDLE_IDENTIFIER = "com.interviewprep.Github-FollowersUITests";
				PRODUCT_NAME = "$(TARGET_NAME)";
				SWIFT_EMIT_LOC_STRINGS = NO;
				SWIFT_VERSION = 5.0;
				TARGETED_DEVICE_FAMILY = "1,2";
				TEST_TARGET_NAME = "Github Followers";
			};
			name = Release;
		};
/* End XCBuildConfiguration section */

/* Begin XCConfigurationList section */
		540E0F912C901EDC00A4530A /* Build configuration list for PBXProject "Github Followers" */ = {
			isa = XCConfigurationList;
			buildConfigurations = (
				540E0FBE2C901EE100A4530A /* Debug */,
				540E0FBF2C901EE100A4530A /* Release */,
			);
			defaultConfigurationIsVisible = 0;
			defaultConfigurationName = Release;
		};
		540E0FC02C901EE100A4530A /* Build configuration list for PBXNativeTarget "Github Followers" */ = {
			isa = XCConfigurationList;
			buildConfigurations = (
				540E0FC12C901EE100A4530A /* Debug */,
				540E0FC22C901EE100A4530A /* Release */,
			);
			defaultConfigurationIsVisible = 0;
			defaultConfigurationName = Release;
		};
		540E0FC32C901EE100A4530A /* Build configuration list for PBXNativeTarget "Github FollowersTests" */ = {
			isa = XCConfigurationList;
			buildConfigurations = (
				540E0FC42C901EE100A4530A /* Debug */,
				540E0FC52C901EE100A4530A /* Release */,
			);
			defaultConfigurationIsVisible = 0;
			defaultConfigurationName = Release;
		};
		540E0FC62C901EE100A4530A /* Build configuration list for PBXNativeTarget "Github FollowersUITests" */ = {
			isa = XCConfigurationList;
			buildConfigurations = (
				540E0FC72C901EE100A4530A /* Debug */,
				540E0FC82C901EE100A4530A /* Release */,
			);
			defaultConfigurationIsVisible = 0;
			defaultConfigurationName = Release;
		};
/* End XCConfigurationList section */
	};
	rootObject = 540E0F8E2C901EDC00A4530A /* Project object */;
}
